
Microsoft Visual Studio Solution File, Format Version 12.00
Project("{FAE04EC0-301F-11D3-BF4B-00C04F79EFBC}") = "SRS4", "SRS4.csproj", "{1312C2A3-CDBF-4F27-AD8E-728A8642EEEB}"
EndProject
Project("{FAE04EC0-301F-11D3-BF4B-00C04F79EFBC}") = "SRS4Tests", "SRS4Tests\SRS4Tests.csproj", "{0D5969DA-1E29-49FE-A8A4-50760E8479ED}"
EndProject
Global
	GlobalSection(SolutionConfigurationPlatforms) = preSolution
		Debug|Any CPU = Debug|Any CPU
		Release|Any CPU = Release|Any CPU
	EndGlobalSection
	GlobalSection(ProjectConfigurationPlatforms) = postSolution
		{1312C2A3-CDBF-4F27-AD8E-728A8642EEEB}.Debug|Any CPU.ActiveCfg = Debug|Any CPU
		{1312C2A3-CDBF-4F27-AD8E-728A8642EEEB}.Debug|Any CPU.Build.0 = Debug|Any CPU
		{1312C2A3-CDBF-4F27-AD8E-728A8642EEEB}.Release|Any CPU.ActiveCfg = Release|Any CPU
		{1312C2A3-CDBF-4F27-AD8E-728A8642EEEB}.Release|Any CPU.Build.0 = Release|Any CPU
		{0D5969DA-1E29-49FE-A8A4-50760E8479ED}.Debug|Any CPU.ActiveCfg = Debug|Any CPU
		{0D5969DA-1E29-49FE-A8A4-50760E8479ED}.Debug|Any CPU.Build.0 = Debug|Any CPU
		{0D5969DA-1E29-49FE-A8A4-50760E8479ED}.Release|Any CPU.ActiveCfg = Release|Any CPU
		{0D5969DA-1E29-49FE-A8A4-50760E8479ED}.Release|Any CPU.Build.0 = Release|Any CPU
	EndGlobalSection
EndGlobal
